{
  "name": "prettier",
  "version": "4.0.0-alpha.0",
  "lockfileVersion": 2,
  "requires": true,
  "packages": {
    "": {
      "name": "prettier",
      "version": "4.0.0-alpha.0",
      "license": "MIT",
      "dependencies": {
        "atomically": "^2.0.2",
        "ignore": "^5.3.0",
        "js-yaml": "^4.1.0",
        "json-sorted-stringify": "^1.0.0",
        "pioppo": "^1.1.0",
        "prettier-internal": "npm:prettier@3.1.0",
        "specialist": "^1.3.0",
        "tiny-editorconfig": "^1.0.0",
        "tiny-jsonc": "^1.0.1",
        "tiny-readdir-glob": "^1.0.3",
        "worktank": "^2.5.2",
        "zeptomatch": "^1.2.2"
      },
      "bin": {
        "prettier": "dist/bin.js"
      },
      "devDependencies": {
        "@types/js-yaml": "^4.0.9",
        "@types/node": "^20.9.3",
        "typescript": "^5.3.2"
      },
      "engines": {
        "node": ">=14"
      }
    },
    "node_modules/@types/js-yaml": {
      "version": "4.0.9",
      "resolved": "https://registry.npmjs.org/@types/js-yaml/-/js-yaml-4.0.9.tgz",
      "integrity": "sha512-k4MGaQl5TGo/iipqb2UDG2UwjXziSWkh0uysQelTlJpX1qGlpUZYm8PnO4DxG1qBomtJUdYJ6qR6xdIah10JLg==",
      "dev": true
    },
    "node_modules/@types/node": {
      "version": "20.10.1",
      "resolved": "https://registry.npmjs.org/@types/node/-/node-20.10.1.tgz",
      "integrity": "sha512-T2qwhjWwGH81vUEx4EXmBKsTJRXFXNZTL4v0gi01+zyBmCwzE6TyHszqX01m+QHTEq+EZNo13NeJIdEqf+Myrg==",
      "dev": true,
      "dependencies": {
        "undici-types": "~5.26.4"
      }
    },
    "node_modules/ansi-purge": {
      "version": "1.0.0",
      "resolved": "https://registry.npmjs.org/ansi-purge/-/ansi-purge-1.0.0.tgz",
      "integrity": "sha512-kbm4dtp1jcI8ZWhttEPzmga9fwbhGMinIDghOcBng5q9dOsnM6PYV3ih+5TO4D7inGXU9zBmVi7x1Z4dluY85Q=="
    },
    "node_modules/argparse": {
      "version": "2.0.1",
      "resolved": "https://registry.npmjs.org/argparse/-/argparse-2.0.1.tgz",
      "integrity": "sha512-8+9WqebbFzpX9OR+Wa6O29asIogeRMzcGtAINdpMHHyAg10f05aSFVBbcEqGf/PXw1EjAZ+q2/bEBg3DvurK3Q=="
    },
    "node_modules/atomically": {
      "version": "2.0.2",
      "resolved": "https://registry.npmjs.org/atomically/-/atomically-2.0.2.tgz",
      "integrity": "sha512-Xfmb4q5QV7uqTlVdMSTtO5eF4DCHfNOdaPyKlbFShkzeNP+3lj3yjjcbdjSmEY4+pDBKJ9g26aP+ImTe88UHoQ==",
      "dependencies": {
        "stubborn-fs": "^1.2.5",
        "when-exit": "^2.0.0"
      }
    },
    "node_modules/dettle": {
      "version": "1.0.1",
      "resolved": "https://registry.npmjs.org/dettle/-/dettle-1.0.1.tgz",
      "integrity": "sha512-/oD3At60ZfhgzpofJtyClNTrIACyMdRe+ih0YiHzAniN0IZnLdLpEzgR6RtGs3kowxUkTnvV/4t1FBxXMUdusQ=="
    },
    "node_modules/find-up-json": {
      "version": "2.0.2",
      "resolved": "https://registry.npmjs.org/find-up-json/-/find-up-json-2.0.2.tgz",
      "integrity": "sha512-UpHMIdzLzZNHZ0vXVv3kHr2vq2MWA+hA8zlzlPH5XMGyYisIr/7/dNm5AjWR3ae6Onie9a1zgtExOqix+8ESQw=="
    },
    "node_modules/get-current-package": {
      "version": "1.0.0",
      "resolved": "https://registry.npmjs.org/get-current-package/-/get-current-package-1.0.0.tgz",
      "integrity": "sha512-mEZ43mmPMdRz+7vouBd/fhnEMRF0omBzcwwwf2GmbWSeZJGdWHRp9RGLZxW7ZnnZ14jPc3GreHh0s/7u7PZJpQ==",
      "dependencies": {
        "find-up-json": "^2.0.1"
      }
    },
    "node_modules/grammex": {
      "version": "3.1.2",
      "resolved": "https://registry.npmjs.org/grammex/-/grammex-3.1.2.tgz",
      "integrity": "sha512-vAvqD8s6mRbEeUymiRx78Z/QXVFNU3VCsMdkAlxzBMcdXvVVRfB01n+hADQw8fHrk7QxSdKzmmnkOKVjtPnRHg=="
    },
    "node_modules/ignore": {
      "version": "5.3.0",
      "resolved": "https://registry.npmjs.org/ignore/-/ignore-5.3.0.tgz",
      "integrity": "sha512-g7dmpshy+gD7mh88OC9NwSGTKoc3kyLAZQRU1mt53Aw/vnvfXnbC+F/7F7QoYVKbV+KNvJx8wArewKy1vXMtlg==",
      "engines": {
        "node": ">= 4"
      }
    },
    "node_modules/ini-simple-parser": {
      "version": "1.0.0",
      "resolved": "https://registry.npmjs.org/ini-simple-parser/-/ini-simple-parser-1.0.0.tgz",
      "integrity": "sha512-cZUGzkBd1W8FoIbFNMbscMvIGwp+riO/4PaPAy2owQp0sja+ni6Yty11GBNnxaI1ePkSVXzPb8iMOOYuYw/MOQ=="
    },
    "node_modules/ionstore": {
      "version": "1.0.0",
      "resolved": "https://registry.npmjs.org/ionstore/-/ionstore-1.0.0.tgz",
      "integrity": "sha512-ikEvmeZFh9u5SkjKbFqJlmmhaQTulB3P7QoSoZ/xL8EDP5uj5QWbPeKcQ8ZJtszBLHRRnhIJJE8P1dhFx/oCMw=="
    },
    "node_modules/js-yaml": {
      "version": "4.1.0",
      "resolved": "https://registry.npmjs.org/js-yaml/-/js-yaml-4.1.0.tgz",
      "integrity": "sha512-wpxZs9NoxZaJESJGIZTyDEaYpl0FKSA+FB9aJiyemKhMwkxQg63h4T1KJgUGHpTqPDNRcmmYLugrRjJlBtWvRA==",
      "dependencies": {
        "argparse": "^2.0.1"
      },
      "bin": {
        "js-yaml": "bin/js-yaml.js"
      }
    },
    "node_modules/json-sorted-stringify": {
      "version": "1.0.0",
      "resolved": "https://registry.npmjs.org/json-sorted-stringify/-/json-sorted-stringify-1.0.0.tgz",
      "integrity": "sha512-r27DgPdI80AXd6Hm0zJ7nPCYTBFUersR7sn7xcYyafvcgYOvwmCXB+DKWazAe0YaCNHbxH5Qzt7AIhUzPD1ETg=="
    },
    "node_modules/pioppo": {
      "version": "1.1.0",
      "resolved": "https://registry.npmjs.org/pioppo/-/pioppo-1.1.0.tgz",
      "integrity": "sha512-8gZ58S4GBMkCGAEwBi98YgNFfXwcNql2sCXstolxnGUrsBnHA/BrKjsN4EbfCsKjQ4uERrEDfeh444ymGwNMdA==",
      "dependencies": {
        "dettle": "^1.0.1",
        "when-exit": "^2.1.0"
      }
    },
    "node_modules/prettier-internal": {
      "name": "prettier",
      "version": "3.1.0",
      "resolved": "https://registry.npmjs.org/prettier/-/prettier-3.1.0.tgz",
      "integrity": "sha512-TQLvXjq5IAibjh8EpBIkNKxO749UEWABoiIZehEPiY4GNpVdhaFKqSTu+QrlU6D2dPAfubRmtJTi4K4YkQ5eXw==",
      "bin": {
        "prettier": "bin/prettier.cjs"
      },
      "engines": {
        "node": ">=14"
      },
      "funding": {
        "url": "https://github.com/prettier/prettier?sponsor=1"
      }
    },
    "node_modules/promise-make-naked": {
      "version": "2.1.1",
      "resolved": "https://registry.npmjs.org/promise-make-naked/-/promise-make-naked-2.1.1.tgz",
      "integrity": "sha512-BLvgZSNRkQNM5RGL4Cz8wK76WSb+t3VeMJL+/kxRBHI5+nliqZezranGGtiu/ePeFo5+CaLRvvGMzXrBuu2tAA=="
    },
    "node_modules/specialist": {
      "version": "1.3.0",
      "resolved": "https://registry.npmjs.org/specialist/-/specialist-1.3.0.tgz",
      "integrity": "sha512-mC+yxH/dAuRJKJXr8w+ovbi/Llgw+Gnl2EJ7nYUPSQsOCeShm26/CnP5RipvfsfbYIntHT1rl7ijbK86H4cBaw==",
      "dependencies": {
        "tiny-bin": "^1.4.2",
        "tiny-colors": "^2.0.2",
        "tiny-parse-argv": "^2.2.0",
        "tiny-updater": "^3.5.1"
      }
    },
    "node_modules/stubborn-fs": {
      "version": "1.2.5",
      "resolved": "https://registry.npmjs.org/stubborn-fs/-/stubborn-fs-1.2.5.tgz",
      "integrity": "sha512-H2N9c26eXjzL/S/K+i/RHHcFanE74dptvvjM8iwzwbVcWY/zjBbgRqF3K0DY4+OD+uTTASTBvDoxPDaPN02D7g=="
    },
    "node_modules/tiny-bin": {
      "version": "1.6.3",
      "resolved": "https://registry.npmjs.org/tiny-bin/-/tiny-bin-1.6.3.tgz",
      "integrity": "sha512-pH4mflBOxaCDuB6Uhte3m9xWjdr/6oDIccIx6FaJzbeChV1AWxkPjB0uUf5Yu0YKsX1EwIgaBLqOKR+E9q20yw==",
      "dependencies": {
        "ansi-purge": "^1.0.0",
        "get-current-package": "^1.0.0",
        "tiny-colors": "^2.1.2",
        "tiny-levenshtein": "^1.0.0",
        "tiny-parse-argv": "^2.3.0",
        "tiny-updater": "^3.5.1"
      }
    },
    "node_modules/tiny-colors": {
      "version": "2.1.2",
      "resolved": "https://registry.npmjs.org/tiny-colors/-/tiny-colors-2.1.2.tgz",
      "integrity": "sha512-6peGRBtkYBJpVrQUWOPKrC0ECo6WotUlXxirVTKvihjdgxQETpKtLdCKIb68IHjJYH1AOE7GM7RnxFvkGHsqOg=="
    },
    "node_modules/tiny-editorconfig": {
      "version": "1.0.0",
      "resolved": "https://registry.npmjs.org/tiny-editorconfig/-/tiny-editorconfig-1.0.0.tgz",
      "integrity": "sha512-rxpWaSurnvPUkL2/qydRH10llK7MD1XfE38zoWTsp/ZWWYnnwPBzGUePBOcXFaNA3cJQm8ItqrofGeRJ6AVaew==",
      "dependencies": {
        "ini-simple-parser": "^1.0.0",
        "zeptomatch": "^1.1.3"
      }
    },
    "node_modules/tiny-jsonc": {
      "version": "1.0.1",
      "resolved": "https://registry.npmjs.org/tiny-jsonc/-/tiny-jsonc-1.0.1.tgz",
      "integrity": "sha512-ik6BCxzva9DoiEfDX/li0L2cWKPPENYvixUprFdl3YPi4bZZUhDnNI9YUkacrv+uIG90dnxR5mNqaoD6UhD6Bw=="
    },
    "node_modules/tiny-levenshtein": {
      "version": "1.0.0",
      "resolved": "https://registry.npmjs.org/tiny-levenshtein/-/tiny-levenshtein-1.0.0.tgz",
      "integrity": "sha512-27KxXZhuXCP+xol3k4jMWms8+B6H2qEUlBMTmB5YT3uvFXFNft4Hw/MqurrHkDdC01nx1HIADcE1wR40byJf4Q=="
    },
    "node_modules/tiny-parse-argv": {
      "version": "2.3.0",
      "resolved": "https://registry.npmjs.org/tiny-parse-argv/-/tiny-parse-argv-2.3.0.tgz",
      "integrity": "sha512-sGkM4tiAfLIzWf8Zm+Gx9FEpoBskrRV8zWVyLbfZqJPr7w3+2PW5gnAkKR9dOl7ZWSl/pMZ0Mjp9l5AY8HYZvQ=="
    },
    "node_modules/tiny-readdir": {
      "version": "2.2.0",
      "resolved": "https://registry.npmjs.org/tiny-readdir/-/tiny-readdir-2.2.0.tgz",
      "integrity": "sha512-bO4IgID5M2x5YQFBru/wREgT30YuA8aoOd/F8Rd6LKRIn1gOe9aREjT74J9EVukHqI/2RB+4SM1RgXM0gwxoWw=="
    },
    "node_modules/tiny-readdir-glob": {
      "version": "1.0.3",
      "resolved": "https://registry.npmjs.org/tiny-readdir-glob/-/tiny-readdir-glob-1.0.3.tgz",
      "integrity": "sha512-FvqjWVutibBqCbSlMqYHpGzlkjgr+cbtIro6IoyFnVkac86xjrinwSHUn9pm1ik+mjXAUMQDEhXhjpP/voySwQ==",
      "dependencies": {
        "tiny-readdir": "^2.2.0",
        "zeptomatch": "^1.1.3"
      }
    },
    "node_modules/tiny-updater": {
      "version": "3.5.1",
      "resolved": "https://registry.npmjs.org/tiny-updater/-/tiny-updater-3.5.1.tgz",
      "integrity": "sha512-kh1922FSNPTmrdr353x+xJRTrrVFl9zq/Q1Vz47YNWhTO0jn3ZyZd6Cahe8qW5MLXg+gia+0G7b6HIgW7pbBMg==",
      "dependencies": {
        "ionstore": "^1.0.0",
        "tiny-colors": "^2.0.2",
        "when-exit": "^2.1.1"
      }
    },
    "node_modules/typescript": {
      "version": "5.3.2",
      "resolved": "https://registry.npmjs.org/typescript/-/typescript-5.3.2.tgz",
      "integrity": "sha512-6l+RyNy7oAHDfxC4FzSJcz9vnjTKxrLpDG5M2Vu4SHRVNg6xzqZp6LYSR9zjqQTu8DU/f5xwxUdADOkbrIX2gQ==",
      "dev": true,
      "bin": {
        "tsc": "bin/tsc",
        "tsserver": "bin/tsserver"
      },
      "engines": {
        "node": ">=14.17"
      }
    },
    "node_modules/undici-types": {
      "version": "5.26.5",
      "resolved": "https://registry.npmjs.org/undici-types/-/undici-types-5.26.5.tgz",
      "integrity": "sha512-JlCMO+ehdEIKqlFxk6IfVoAUVmgz7cU7zD/h9XZ0qzeosSHmUJVOzSQvvYSYWXkFXC+IfLKSIffhv0sVZup6pA==",
      "dev": true
    },
    "node_modules/webworker-shim": {
      "version": "1.1.0",
      "resolved": "https://registry.npmjs.org/webworker-shim/-/webworker-shim-1.1.0.tgz",
      "integrity": "sha512-LhPJDED3cM0+K9w4JjIio+RYPqvr712b3lyM+JjMR/rSD9elrSYHrrwE9qu3inPSSf60xqePgFgEwuAg17AuhA=="
    },
    "node_modules/when-exit": {
      "version": "2.1.1",
      "resolved": "https://registry.npmjs.org/when-exit/-/when-exit-2.1.1.tgz",
      "integrity": "sha512-XLipGldz/UcleuGaoQjbYuWwD+ICRnzIjlldtwTaTWr7aZz8yQW49rXk6MHQnh+KxOiWiJpM1vIyaxprOnlW4g=="
    },
    "node_modules/worktank": {
      "version": "2.5.2",
      "resolved": "https://registry.npmjs.org/worktank/-/worktank-2.5.2.tgz",
      "integrity": "sha512-fjZFArxfaY40ygvNV7kom0Axr5P4ZjryJh8EGebpjuRXbWbqoA2SASbdOXK5jLLHjtfM0xMMZNZUs1UCnzywwQ==",
      "dependencies": {
        "promise-make-naked": "^2.0.0",
        "webworker-shim": "^1.1.0"
      }
    },
    "node_modules/zeptomatch": {
      "version": "1.2.2",
      "resolved": "https://registry.npmjs.org/zeptomatch/-/zeptomatch-1.2.2.tgz",
      "integrity": "sha512-0ETdzEO0hdYmT8aXHHf5aMjpX+FHFE61sG4qKFAoJD2Umt3TWdCmH7ADxn2oUiWTlqBGC+SGr8sYMfr+37J8pQ==",
      "dependencies": {
        "grammex": "^3.1.1"
      }
    }
  },
  "dependencies": {
    "@types/js-yaml": {
      "version": "4.0.9",
      "resolved": "https://registry.npmjs.org/@types/js-yaml/-/js-yaml-4.0.9.tgz",
      "integrity": "sha512-k4MGaQl5TGo/iipqb2UDG2UwjXziSWkh0uysQelTlJpX1qGlpUZYm8PnO4DxG1qBomtJUdYJ6qR6xdIah10JLg==",
      "dev": true
    },
    "@types/node": {
      "version": "20.10.1",
      "resolved": "https://registry.npmjs.org/@types/node/-/node-20.10.1.tgz",
      "integrity": "sha512-T2qwhjWwGH81vUEx4EXmBKsTJRXFXNZTL4v0gi01+zyBmCwzE6TyHszqX01m+QHTEq+EZNo13NeJIdEqf+Myrg==",
      "dev": true,
      "requires": {
        "undici-types": "~5.26.4"
      }
    },
    "ansi-purge": {
      "version": "1.0.0",
      "resolved": "https://registry.npmjs.org/ansi-purge/-/ansi-purge-1.0.0.tgz",
      "integrity": "sha512-kbm4dtp1jcI8ZWhttEPzmga9fwbhGMinIDghOcBng5q9dOsnM6PYV3ih+5TO4D7inGXU9zBmVi7x1Z4dluY85Q=="
    },
    "argparse": {
      "version": "2.0.1",
      "resolved": "https://registry.npmjs.org/argparse/-/argparse-2.0.1.tgz",
      "integrity": "sha512-8+9WqebbFzpX9OR+Wa6O29asIogeRMzcGtAINdpMHHyAg10f05aSFVBbcEqGf/PXw1EjAZ+q2/bEBg3DvurK3Q=="
    },
    "atomically": {
      "version": "2.0.2",
      "resolved": "https://registry.npmjs.org/atomically/-/atomically-2.0.2.tgz",
      "integrity": "sha512-Xfmb4q5QV7uqTlVdMSTtO5eF4DCHfNOdaPyKlbFShkzeNP+3lj3yjjcbdjSmEY4+pDBKJ9g26aP+ImTe88UHoQ==",
      "requires": {
        "stubborn-fs": "^1.2.5",
        "when-exit": "^2.0.0"
      }
    },
    "dettle": {
      "version": "1.0.1",
      "resolved": "https://registry.npmjs.org/dettle/-/dettle-1.0.1.tgz",
      "integrity": "sha512-/oD3At60ZfhgzpofJtyClNTrIACyMdRe+ih0YiHzAniN0IZnLdLpEzgR6RtGs3kowxUkTnvV/4t1FBxXMUdusQ=="
    },
    "find-up-json": {
      "version": "2.0.2",
      "resolved": "https://registry.npmjs.org/find-up-json/-/find-up-json-2.0.2.tgz",
      "integrity": "sha512-UpHMIdzLzZNHZ0vXVv3kHr2vq2MWA+hA8zlzlPH5XMGyYisIr/7/dNm5AjWR3ae6Onie9a1zgtExOqix+8ESQw=="
    },
    "get-current-package": {
      "version": "1.0.0",
      "resolved": "https://registry.npmjs.org/get-current-package/-/get-current-package-1.0.0.tgz",
      "integrity": "sha512-mEZ43mmPMdRz+7vouBd/fhnEMRF0omBzcwwwf2GmbWSeZJGdWHRp9RGLZxW7ZnnZ14jPc3GreHh0s/7u7PZJpQ==",
      "requires": {
        "find-up-json": "^2.0.1"
      }
    },
    "grammex": {
      "version": "3.1.2",
      "resolved": "https://registry.npmjs.org/grammex/-/grammex-3.1.2.tgz",
      "integrity": "sha512-vAvqD8s6mRbEeUymiRx78Z/QXVFNU3VCsMdkAlxzBMcdXvVVRfB01n+hADQw8fHrk7QxSdKzmmnkOKVjtPnRHg=="
    },
    "ignore": {
      "version": "5.3.0",
      "resolved": "https://registry.npmjs.org/ignore/-/ignore-5.3.0.tgz",
      "integrity": "sha512-g7dmpshy+gD7mh88OC9NwSGTKoc3kyLAZQRU1mt53Aw/vnvfXnbC+F/7F7QoYVKbV+KNvJx8wArewKy1vXMtlg=="
    },
    "ini-simple-parser": {
      "version": "1.0.0",
      "resolved": "https://registry.npmjs.org/ini-simple-parser/-/ini-simple-parser-1.0.0.tgz",
      "integrity": "sha512-cZUGzkBd1W8FoIbFNMbscMvIGwp+riO/4PaPAy2owQp0sja+ni6Yty11GBNnxaI1ePkSVXzPb8iMOOYuYw/MOQ=="
    },
    "ionstore": {
      "version": "1.0.0",
      "resolved": "https://registry.npmjs.org/ionstore/-/ionstore-1.0.0.tgz",
      "integrity": "sha512-ikEvmeZFh9u5SkjKbFqJlmmhaQTulB3P7QoSoZ/xL8EDP5uj5QWbPeKcQ8ZJtszBLHRRnhIJJE8P1dhFx/oCMw=="
    },
    "js-yaml": {
      "version": "4.1.0",
      "resolved": "https://registry.npmjs.org/js-yaml/-/js-yaml-4.1.0.tgz",
      "integrity": "sha512-wpxZs9NoxZaJESJGIZTyDEaYpl0FKSA+FB9aJiyemKhMwkxQg63h4T1KJgUGHpTqPDNRcmmYLugrRjJlBtWvRA==",
      "requires": {
        "argparse": "^2.0.1"
      }
    },
    "json-sorted-stringify": {
      "version": "1.0.0",
      "resolved": "https://registry.npmjs.org/json-sorted-stringify/-/json-sorted-stringify-1.0.0.tgz",
      "integrity": "sha512-r27DgPdI80AXd6Hm0zJ7nPCYTBFUersR7sn7xcYyafvcgYOvwmCXB+DKWazAe0YaCNHbxH5Qzt7AIhUzPD1ETg=="
    },
    "pioppo": {
      "version": "1.1.0",
      "resolved": "https://registry.npmjs.org/pioppo/-/pioppo-1.1.0.tgz",
      "integrity": "sha512-8gZ58S4GBMkCGAEwBi98YgNFfXwcNql2sCXstolxnGUrsBnHA/BrKjsN4EbfCsKjQ4uERrEDfeh444ymGwNMdA==",
      "requires": {
        "dettle": "^1.0.1",
        "when-exit": "^2.1.0"
      }
    },
    "prettier-internal": {
      "version": "npm:prettier@3.1.0",
      "resolved": "https://registry.npmjs.org/prettier/-/prettier-3.1.0.tgz",
      "integrity": "sha512-TQLvXjq5IAibjh8EpBIkNKxO749UEWABoiIZehEPiY4GNpVdhaFKqSTu+QrlU6D2dPAfubRmtJTi4K4YkQ5eXw=="
    },
    "promise-make-naked": {
      "version": "2.1.1",
      "resolved": "https://registry.npmjs.org/promise-make-naked/-/promise-make-naked-2.1.1.tgz",
      "integrity": "sha512-BLvgZSNRkQNM5RGL4Cz8wK76WSb+t3VeMJL+/kxRBHI5+nliqZezranGGtiu/ePeFo5+CaLRvvGMzXrBuu2tAA=="
    },
    "specialist": {
      "version": "1.3.0",
      "resolved": "https://registry.npmjs.org/specialist/-/specialist-1.3.0.tgz",
      "integrity": "sha512-mC+yxH/dAuRJKJXr8w+ovbi/Llgw+Gnl2EJ7nYUPSQsOCeShm26/CnP5RipvfsfbYIntHT1rl7ijbK86H4cBaw==",
      "requires": {
        "tiny-bin": "^1.4.2",
        "tiny-colors": "^2.0.2",
        "tiny-parse-argv": "^2.2.0",
        "tiny-updater": "^3.5.1"
      }
    },
    "stubborn-fs": {
      "version": "1.2.5",
      "resolved": "https://registry.npmjs.org/stubborn-fs/-/stubborn-fs-1.2.5.tgz",
      "integrity": "sha512-H2N9c26eXjzL/S/K+i/RHHcFanE74dptvvjM8iwzwbVcWY/zjBbgRqF3K0DY4+OD+uTTASTBvDoxPDaPN02D7g=="
    },
    "tiny-bin": {
      "version": "1.6.3",
      "resolved": "https://registry.npmjs.org/tiny-bin/-/tiny-bin-1.6.3.tgz",
      "integrity": "sha512-pH4mflBOxaCDuB6Uhte3m9xWjdr/6oDIccIx6FaJzbeChV1AWxkPjB0uUf5Yu0YKsX1EwIgaBLqOKR+E9q20yw==",
      "requires": {
        "ansi-purge": "^1.0.0",
        "get-current-package": "^1.0.0",
        "tiny-colors": "^2.1.2",
        "tiny-levenshtein": "^1.0.0",
        "tiny-parse-argv": "^2.3.0",
        "tiny-updater": "^3.5.1"
      }
    },
    "tiny-colors": {
      "version": "2.1.2",
      "resolved": "https://registry.npmjs.org/tiny-colors/-/tiny-colors-2.1.2.tgz",
      "integrity": "sha512-6peGRBtkYBJpVrQUWOPKrC0ECo6WotUlXxirVTKvihjdgxQETpKtLdCKIb68IHjJYH1AOE7GM7RnxFvkGHsqOg=="
    },
    "tiny-editorconfig": {
      "version": "1.0.0",
      "resolved": "https://registry.npmjs.org/tiny-editorconfig/-/tiny-editorconfig-1.0.0.tgz",
      "integrity": "sha512-rxpWaSurnvPUkL2/qydRH10llK7MD1XfE38zoWTsp/ZWWYnnwPBzGUePBOcXFaNA3cJQm8ItqrofGeRJ6AVaew==",
      "requires": {
        "ini-simple-parser": "^1.0.0",
        "zeptomatch": "^1.1.3"
      }
    },
    "tiny-jsonc": {
      "version": "1.0.1",
      "resolved": "https://registry.npmjs.org/tiny-jsonc/-/tiny-jsonc-1.0.1.tgz",
      "integrity": "sha512-ik6BCxzva9DoiEfDX/li0L2cWKPPENYvixUprFdl3YPi4bZZUhDnNI9YUkacrv+uIG90dnxR5mNqaoD6UhD6Bw=="
    },
    "tiny-levenshtein": {
      "version": "1.0.0",
      "resolved": "https://registry.npmjs.org/tiny-levenshtein/-/tiny-levenshtein-1.0.0.tgz",
      "integrity": "sha512-27KxXZhuXCP+xol3k4jMWms8+B6H2qEUlBMTmB5YT3uvFXFNft4Hw/MqurrHkDdC01nx1HIADcE1wR40byJf4Q=="
    },
    "tiny-parse-argv": {
      "version": "2.3.0",
      "resolved": "https://registry.npmjs.org/tiny-parse-argv/-/tiny-parse-argv-2.3.0.tgz",
      "integrity": "sha512-sGkM4tiAfLIzWf8Zm+Gx9FEpoBskrRV8zWVyLbfZqJPr7w3+2PW5gnAkKR9dOl7ZWSl/pMZ0Mjp9l5AY8HYZvQ=="
    },
    "tiny-readdir": {
      "version": "2.2.0",
      "resolved": "https://registry.npmjs.org/tiny-readdir/-/tiny-readdir-2.2.0.tgz",
      "integrity": "sha512-bO4IgID5M2x5YQFBru/wREgT30YuA8aoOd/F8Rd6LKRIn1gOe9aREjT74J9EVukHqI/2RB+4SM1RgXM0gwxoWw=="
    },
    "tiny-readdir-glob": {
      "version": "1.0.3",
      "resolved": "https://registry.npmjs.org/tiny-readdir-glob/-/tiny-readdir-glob-1.0.3.tgz",
      "integrity": "sha512-FvqjWVutibBqCbSlMqYHpGzlkjgr+cbtIro6IoyFnVkac86xjrinwSHUn9pm1ik+mjXAUMQDEhXhjpP/voySwQ==",
      "requires": {
        "tiny-readdir": "^2.2.0",
        "zeptomatch": "^1.1.3"
      }
    },
    "tiny-updater": {
      "version": "3.5.1",
      "resolved": "https://registry.npmjs.org/tiny-updater/-/tiny-updater-3.5.1.tgz",
      "integrity": "sha512-kh1922FSNPTmrdr353x+xJRTrrVFl9zq/Q1Vz47YNWhTO0jn3ZyZd6Cahe8qW5MLXg+gia+0G7b6HIgW7pbBMg==",
      "requires": {
        "ionstore": "^1.0.0",
        "tiny-colors": "^2.0.2",
        "when-exit": "^2.1.1"
      }
    },
    "typescript": {
      "version": "5.3.2",
      "resolved": "https://registry.npmjs.org/typescript/-/typescript-5.3.2.tgz",
      "integrity": "sha512-6l+RyNy7oAHDfxC4FzSJcz9vnjTKxrLpDG5M2Vu4SHRVNg6xzqZp6LYSR9zjqQTu8DU/f5xwxUdADOkbrIX2gQ==",
      "dev": true
    },
    "undici-types": {
      "version": "5.26.5",
      "resolved": "https://registry.npmjs.org/undici-types/-/undici-types-5.26.5.tgz",
      "integrity": "sha512-JlCMO+ehdEIKqlFxk6IfVoAUVmgz7cU7zD/h9XZ0qzeosSHmUJVOzSQvvYSYWXkFXC+IfLKSIffhv0sVZup6pA==",
      "dev": true
    },
    "webworker-shim": {
      "version": "1.1.0",
      "resolved": "https://registry.npmjs.org/webworker-shim/-/webworker-shim-1.1.0.tgz",
      "integrity": "sha512-LhPJDED3cM0+K9w4JjIio+RYPqvr712b3lyM+JjMR/rSD9elrSYHrrwE9qu3inPSSf60xqePgFgEwuAg17AuhA=="
    },
    "when-exit": {
      "version": "2.1.1",
      "resolved": "https://registry.npmjs.org/when-exit/-/when-exit-2.1.1.tgz",
      "integrity": "sha512-XLipGldz/UcleuGaoQjbYuWwD+ICRnzIjlldtwTaTWr7aZz8yQW49rXk6MHQnh+KxOiWiJpM1vIyaxprOnlW4g=="
    },
    "worktank": {
      "version": "2.5.2",
      "resolved": "https://registry.npmjs.org/worktank/-/worktank-2.5.2.tgz",
      "integrity": "sha512-fjZFArxfaY40ygvNV7kom0Axr5P4ZjryJh8EGebpjuRXbWbqoA2SASbdOXK5jLLHjtfM0xMMZNZUs1UCnzywwQ==",
      "requires": {
        "promise-make-naked": "^2.0.0",
        "webworker-shim": "^1.1.0"
      }
    },
    "zeptomatch": {
      "version": "1.2.2",
      "resolved": "https://registry.npmjs.org/zeptomatch/-/zeptomatch-1.2.2.tgz",
      "integrity": "sha512-0ETdzEO0hdYmT8aXHHf5aMjpX+FHFE61sG4qKFAoJD2Umt3TWdCmH7ADxn2oUiWTlqBGC+SGr8sYMfr+37J8pQ==",
      "requires": {
        "grammex": "^3.1.1"
      }
    }
  }
}
